{
  "name": "@leet-code-clone/client",
  "version": "0.0.1",
  "lockfileVersion": 3,
  "requires": true,
  "packages": {
    "": {
      "name": "@leet-code-clone/client",
      "version": "0.0.1",
      "dependencies": {
        "@leet-code-clone/client": "file:"
      }
    },
    "node_modules/@leet-code-clone/client": {
      "resolved": "",
      "link": true
    }
  }
}
